
Microsoft Visual Studio Solution File, Format Version 12.00
# Visual Studio Version 17
VisualStudioVersion = 17.10.34928.147
MinimumVisualStudioVersion = 10.0.40219.1
Project("{FAE04EC0-301F-11D3-BF4B-00C04F79EFBC}") = "Practic24.07", "Practic24.07\Practic24.07.csproj", "{01C34DEC-E3CE-4449-9D93-A26B80216A38}"
EndProject
Project("{FAE04EC0-301F-11D3-BF4B-00C04F79EFBC}") = "Practic24.07.Part2", "Practic24.07.Part2\Practic24.07.Part2.csproj", "{4DF8422C-DC68-4EC0-9657-A4763B922575}"
EndProject
Global
	GlobalSection(SolutionConfigurationPlatforms) = preSolution
		Debug|Any CPU = Debug|Any CPU
		Release|Any CPU = Release|Any CPU
	EndGlobalSection
	GlobalSection(ProjectConfigurationPlatforms) = postSolution
		{01C34DEC-E3CE-4449-9D93-A26B80216A38}.Debug|Any CPU.ActiveCfg = Debug|Any CPU
		{01C34DEC-E3CE-4449-9D93-A26B80216A38}.Debug|Any CPU.Build.0 = Debug|Any CPU
		{01C34DEC-E3CE-4449-9D93-A26B80216A38}.Release|Any CPU.ActiveCfg = Release|Any CPU
		{01C34DEC-E3CE-4449-9D93-A26B80216A38}.Release|Any CPU.Build.0 = Release|Any CPU
		{4DF8422C-DC68-4EC0-9657-A4763B922575}.Debug|Any CPU.ActiveCfg = Debug|Any CPU
		{4DF8422C-DC68-4EC0-9657-A4763B922575}.Debug|Any CPU.Build.0 = Debug|Any CPU
		{4DF8422C-DC68-4EC0-9657-A4763B922575}.Release|Any CPU.ActiveCfg = Release|Any CPU
		{4DF8422C-DC68-4EC0-9657-A4763B922575}.Release|Any CPU.Build.0 = Release|Any CPU
	EndGlobalSection
	GlobalSection(SolutionProperties) = preSolution
		HideSolutionNode = FALSE
	EndGlobalSection
	GlobalSection(ExtensibilityGlobals) = postSolution
		SolutionGuid = {3E1F27CA-238E-4245-8366-7C3D22CF586A}
	EndGlobalSection
EndGlobal
